
Microsoft Visual Studio Solution File, Format Version 12.00
# Visual Studio Version 17
VisualStudioVersion = 17.14.37111.16 d17.14
MinimumVisualStudioVersion = 10.0.40219.1
Project("{FAE04EC0-301F-11D3-BF4B-00C04F79EFBC}") = "GraphQLDemo", "GraphQLDemo.csproj", "{EA7F3580-2CF6-4941-998F-1BA3B969B3DE}"
EndProject
Global
	GlobalSection(SolutionConfigurationPlatforms) = preSolution
		Debug|Any CPU = Debug|Any CPU
		Release|Any CPU = Release|Any CPU
	EndGlobalSection
	GlobalSection(ProjectConfigurationPlatforms) = postSolution
		{EA7F3580-2CF6-4941-998F-1BA3B969B3DE}.Debug|Any CPU.ActiveCfg = Debug|Any CPU
		{EA7F3580-2CF6-4941-998F-1BA3B969B3DE}.Debug|Any CPU.Build.0 = Debug|Any CPU
		{EA7F3580-2CF6-4941-998F-1BA3B969B3DE}.Release|Any CPU.ActiveCfg = Release|Any CPU
		{EA7F3580-2CF6-4941-998F-1BA3B969B3DE}.Release|Any CPU.Build.0 = Release|Any CPU
	EndGlobalSection
	GlobalSection(SolutionProperties) = preSolution
		HideSolutionNode = FALSE
	EndGlobalSection
	GlobalSection(ExtensibilityGlobals) = postSolution
		SolutionGuid = {51DB6D92-1BF6-44E3-A5BA-9A6347F1FFE2}
	EndGlobalSection
EndGlobal
